
Microsoft Visual Studio Solution File, Format Version 12.00
# Visual Studio Version 16
VisualStudioVersion = 16.0.30804.86
MinimumVisualStudioVersion = 10.0.40219.1
Project("{FAE04EC0-301F-11D3-BF4B-00C04F79EFBC}") = "StudentsInformationManagement", "StudentsInformationManagement\StudentsInformationManagement.csproj", "{BF891B23-7E9B-4004-BE1E-3681737F8DBF}"
EndProject
Global
	GlobalSection(SolutionConfigurationPlatforms) = preSolution
		Debug|Any CPU = Debug|Any CPU
		Release|Any CPU = Release|Any CPU
	EndGlobalSection
	GlobalSection(ProjectConfigurationPlatforms) = postSolution
		{BF891B23-7E9B-4004-BE1E-3681737F8DBF}.Debug|Any CPU.ActiveCfg = Debug|Any CPU
		{BF891B23-7E9B-4004-BE1E-3681737F8DBF}.Debug|Any CPU.Build.0 = Debug|Any CPU
		{BF891B23-7E9B-4004-BE1E-3681737F8DBF}.Release|Any CPU.ActiveCfg = Release|Any CPU
		{BF891B23-7E9B-4004-BE1E-3681737F8DBF}.Release|Any CPU.Build.0 = Release|Any CPU
	EndGlobalSection
	GlobalSection(SolutionProperties) = preSolution
		HideSolutionNode = FALSE
	EndGlobalSection
	GlobalSection(ExtensibilityGlobals) = postSolution
		SolutionGuid = {1928C65F-155A-4183-929F-D6FD7F586FED}
	EndGlobalSection
EndGlobal
